
Microsoft Visual Studio Solution File, Format Version 12.00
# Visual Studio Version 17
VisualStudioVersion = 17.14.35821.62 d17.14
MinimumVisualStudioVersion = 10.0.40219.1
Project("{FAE04EC0-301F-11D3-BF4B-00C04F79EFBC}") = "Nhom3_CongTyVanChuyen", "Nhom3_CongTyVanChuyen\Nhom3_CongTyVanChuyen.csproj", "{A3C11B07-318B-43F1-809B-33AE723CEEDD}"
EndProject
Global
	GlobalSection(SolutionConfigurationPlatforms) = preSolution
		Debug|Any CPU = Debug|Any CPU
		Release|Any CPU = Release|Any CPU
	EndGlobalSection
	GlobalSection(ProjectConfigurationPlatforms) = postSolution
		{A3C11B07-318B-43F1-809B-33AE723CEEDD}.Debug|Any CPU.ActiveCfg = Debug|Any CPU
		{A3C11B07-318B-43F1-809B-33AE723CEEDD}.Debug|Any CPU.Build.0 = Debug|Any CPU
		{A3C11B07-318B-43F1-809B-33AE723CEEDD}.Release|Any CPU.ActiveCfg = Release|Any CPU
		{A3C11B07-318B-43F1-809B-33AE723CEEDD}.Release|Any CPU.Build.0 = Release|Any CPU
	EndGlobalSection
	GlobalSection(SolutionProperties) = preSolution
		HideSolutionNode = FALSE
	EndGlobalSection
	GlobalSection(ExtensibilityGlobals) = postSolution
		SolutionGuid = {52D720A5-F5D9-4955-80BD-BCAA82B2F960}
	EndGlobalSection
EndGlobal
